
Microsoft Visual Studio Solution File, Format Version 12.00
# Visual Studio Version 17
VisualStudioVersion = 17.5.33516.290
MinimumVisualStudioVersion = 10.0.40219.1
Project("{9A19103F-16F7-4668-BE54-9A1E7A4F7556}") = "eCinema.Core", "eCinema.Core\eCinema.Core.csproj", "{7D9C6260-3AF4-45E9-AF36-2C35698E78B2}"
EndProject
Project("{9A19103F-16F7-4668-BE54-9A1E7A4F7556}") = "eCinema.Infrastructure.Interfaces", "eCinema.Infrastructure.Interfaces\eCinema.Infrastructure.Interfaces.csproj", "{D341DFEC-E2A5-492A-9228-CA517CED125E}"
EndProject
Project("{9A19103F-16F7-4668-BE54-9A1E7A4F7556}") = "eCinema.Infrastructure", "eCinema.Infrastructure\eCinema.Infrastructure.csproj", "{93DE33F6-D1E9-4DFD-A670-4422D88DF494}"
EndProject
Project("{9A19103F-16F7-4668-BE54-9A1E7A4F7556}") = "eCinema.Common.Service", "eCinema.Common.Service\eCinema.Common.Service.csproj", "{A4EA9D8F-B027-4352-A64E-45FF04D65BBA}"
EndProject
Project("{9A19103F-16F7-4668-BE54-9A1E7A4F7556}") = "eCinema.Application.Interfaces", "eCinema.Application.Interfaces\eCinema.Application.Interfaces.csproj", "{A77BCD2E-B499-49A2-87B5-263AF7EE7F58}"
EndProject
Project("{9A19103F-16F7-4668-BE54-9A1E7A4F7556}") = "eCinema.Application", "eCinema.Application\eCinema.Application.csproj", "{8957B20E-5531-41F2-90B2-56915C51F629}"
EndProject
Project("{FAE04EC0-301F-11D3-BF4B-00C04F79EFBC}") = "eCinema.Api", "eCinema.Api\eCinema.Api.csproj", "{4B6CB2E1-B0F9-41DB-BE75-2AE99CAFA1E0}"
EndProject
Global
	GlobalSection(SolutionConfigurationPlatforms) = preSolution
		Debug|Any CPU = Debug|Any CPU
		Release|Any CPU = Release|Any CPU
	EndGlobalSection
	GlobalSection(ProjectConfigurationPlatforms) = postSolution
		{7D9C6260-3AF4-45E9-AF36-2C35698E78B2}.Debug|Any CPU.ActiveCfg = Debug|Any CPU
		{7D9C6260-3AF4-45E9-AF36-2C35698E78B2}.Debug|Any CPU.Build.0 = Debug|Any CPU
		{7D9C6260-3AF4-45E9-AF36-2C35698E78B2}.Release|Any CPU.ActiveCfg = Release|Any CPU
		{7D9C6260-3AF4-45E9-AF36-2C35698E78B2}.Release|Any CPU.Build.0 = Release|Any CPU
		{D341DFEC-E2A5-492A-9228-CA517CED125E}.Debug|Any CPU.ActiveCfg = Debug|Any CPU
		{D341DFEC-E2A5-492A-9228-CA517CED125E}.Debug|Any CPU.Build.0 = Debug|Any CPU
		{D341DFEC-E2A5-492A-9228-CA517CED125E}.Release|Any CPU.ActiveCfg = Release|Any CPU
		{D341DFEC-E2A5-492A-9228-CA517CED125E}.Release|Any CPU.Build.0 = Release|Any CPU
		{93DE33F6-D1E9-4DFD-A670-4422D88DF494}.Debug|Any CPU.ActiveCfg = Debug|Any CPU
		{93DE33F6-D1E9-4DFD-A670-4422D88DF494}.Debug|Any CPU.Build.0 = Debug|Any CPU
		{93DE33F6-D1E9-4DFD-A670-4422D88DF494}.Release|Any CPU.ActiveCfg = Release|Any CPU
		{93DE33F6-D1E9-4DFD-A670-4422D88DF494}.Release|Any CPU.Build.0 = Release|Any CPU
		{A4EA9D8F-B027-4352-A64E-45FF04D65BBA}.Debug|Any CPU.ActiveCfg = Debug|Any CPU
		{A4EA9D8F-B027-4352-A64E-45FF04D65BBA}.Debug|Any CPU.Build.0 = Debug|Any CPU
		{A4EA9D8F-B027-4352-A64E-45FF04D65BBA}.Release|Any CPU.ActiveCfg = Release|Any CPU
		{A4EA9D8F-B027-4352-A64E-45FF04D65BBA}.Release|Any CPU.Build.0 = Release|Any CPU
		{A77BCD2E-B499-49A2-87B5-263AF7EE7F58}.Debug|Any CPU.ActiveCfg = Debug|Any CPU
		{A77BCD2E-B499-49A2-87B5-263AF7EE7F58}.Debug|Any CPU.Build.0 = Debug|Any CPU
		{A77BCD2E-B499-49A2-87B5-263AF7EE7F58}.Release|Any CPU.ActiveCfg = Release|Any CPU
		{A77BCD2E-B499-49A2-87B5-263AF7EE7F58}.Release|Any CPU.Build.0 = Release|Any CPU
		{8957B20E-5531-41F2-90B2-56915C51F629}.Debug|Any CPU.ActiveCfg = Debug|Any CPU
		{8957B20E-5531-41F2-90B2-56915C51F629}.Debug|Any CPU.Build.0 = Debug|Any CPU
		{8957B20E-5531-41F2-90B2-56915C51F629}.Release|Any CPU.ActiveCfg = Release|Any CPU
		{8957B20E-5531-41F2-90B2-56915C51F629}.Release|Any CPU.Build.0 = Release|Any CPU
		{4B6CB2E1-B0F9-41DB-BE75-2AE99CAFA1E0}.Debug|Any CPU.ActiveCfg = Debug|Any CPU
		{4B6CB2E1-B0F9-41DB-BE75-2AE99CAFA1E0}.Debug|Any CPU.Build.0 = Debug|Any CPU
		{4B6CB2E1-B0F9-41DB-BE75-2AE99CAFA1E0}.Release|Any CPU.ActiveCfg = Release|Any CPU
		{4B6CB2E1-B0F9-41DB-BE75-2AE99CAFA1E0}.Release|Any CPU.Build.0 = Release|Any CPU
	EndGlobalSection
	GlobalSection(SolutionProperties) = preSolution
		HideSolutionNode = FALSE
	EndGlobalSection
	GlobalSection(ExtensibilityGlobals) = postSolution
		SolutionGuid = {D62258EB-5E61-449E-80D4-61BDCB556C95}
	EndGlobalSection
EndGlobal
